{
  "version": 4,
  "terraform_version": "1.4.2",
  "serial": 1,
  "lineage": "cbe970fb-ab49-2796-bb8e-e719464e03b9",
  "outputs": {},
  "resources": [
    {
      "mode": "managed",
      "type": "local_file",
      "name": "foo",
      "provider": "provider[\"registry.terraform.io/hashicorp/local\"]",
      "instances": [
        {
          "index_key": 0,
          "schema_version": 0,
          "attributes": {
            "content": "foo 0 ! ",
            "content_base64": null,
            "content_base64sha256": "o/6nYyAQNrHBoCQr1YjQEHhMcjpSHjoYsqR3IN6wRTE=",
            "content_base64sha512": "XJxvA1RPv9Jr6EW9l65iiSZhCqreGDs9+6rHMmyYg85Ft66ma4OX7E+0E2peRfhHJVm9VdGZdIzyb+6h4vi28w==",
            "content_md5": "6a038dfce270e1d5706546eadcb978e9",
            "content_sha1": "7621b8f9b1cf2ef6bded9337eea13324ea6f971c",
            "content_sha256": "a3fea763201036b1c1a0242bd588d010784c723a521e3a18b2a47720deb04531",
            "content_sha512": "5c9c6f03544fbfd26be845bd97ae628926610aaade183b3dfbaac7326c9883ce45b7aea66b8397ec4fb4136a5e45f8472559bd55d199748cf26feea1e2f8b6f3",
            "directory_permission": "0777",
            "file_permission": "0777",
            "filename": "./foo0.bar",
            "id": "7621b8f9b1cf2ef6bded9337eea13324ea6f971c",
            "sensitive_content": null,
            "source": null
          },
          "sensitive_attributes": []
        },
        {
          "index_key": 1,
          "schema_version": 0,
          "attributes": {
            "content": "foo 1 ! ",
            "content_base64": null,
            "content_base64sha256": "2et53b59ttLYwfX2fUgJjEWxxx9sZ2A43bm0yP0wYnQ=",
            "content_base64sha512": "/OoaXfyWs5gU/X2FESfLTjzJVz57JROG66WdYNc+iMi9Ig3e8lfwbCyV14sJp3TzMEy4P98E1dLilozIFckNoA==",
            "content_md5": "ee9b1a065174cf6291249492556ce2c2",
            "content_sha1": "28ac7fa8829dff090bb3ffbcf3f8c3fca434aeb8",
            "content_sha256": "d9eb79ddbe7db6d2d8c1f5f67d48098c45b1c71f6c676038ddb9b4c8fd306274",
            "content_sha512": "fcea1a5dfc96b39814fd7d851127cb4e3cc9573e7b251386eba59d60d73e88c8bd220ddef257f06c2c95d78b09a774f3304cb83fdf04d5d2e2968cc815c90da0",
            "directory_permission": "0777",
            "file_permission": "0777",
            "filename": "./foo1.bar",
            "id": "28ac7fa8829dff090bb3ffbcf3f8c3fca434aeb8",
            "sensitive_content": null,
            "source": null
          },
          "sensitive_attributes": []
        }
      ]
    }
  ],
  "check_results": null
}
